// !$*UTF8*$!
{
	archiveVersion = 1;
	classes = {
	};
	objectVersion = 50;
	objects = {

/* Begin PBXBuildFile section */
		4774CF8E21DC863B0089D3AB /* AppDelegate.swift in Sources */ = {isa = PBXBuildFile; fileRef = 4774CF8D21DC863B0089D3AB /* AppDelegate.swift */; };
		4774CF9021DC863B0089D3AB /* ViewController.swift in Sources */ = {isa = PBXBuildFile; fileRef = 4774CF8F21DC863B0089D3AB /* ViewController.swift */; };
		4774CF9321DC863B0089D3AB /* Main.storyboard in Resources */ = {isa = PBXBuildFile; fileRef = 4774CF9121DC863B0089D3AB /* Main.storyboard */; };
		4774CF9521DC863D0089D3AB /* Assets.xcassets in Resources */ = {isa = PBXBuildFile; fileRef = 4774CF9421DC863D0089D3AB /* Assets.xcassets */; };
		4774CF9821DC863D0089D3AB /* LaunchScreen.storyboard in Resources */ = {isa = PBXBuildFile; fileRef = 4774CF9621DC863D0089D3AB /* LaunchScreen.storyboard */; };
		4774CFA321DC863D0089D3AB /* SwiftTestOneTests.swift in Sources */ = {isa = PBXBuildFile; fileRef = 4774CFA221DC863D0089D3AB /* SwiftTestOneTests.swift */; };
		4774CFAE21DC863D0089D3AB /* SwiftTestOneUITests.swift in Sources */ = {isa = PBXBuildFile; fileRef = 4774CFAD21DC863D0089D3AB /* SwiftTestOneUITests.swift */; };
/* End PBXBuildFile section */

/* Begin PBXContainerItemProxy section */
		4774CF9F21DC863D0089D3AB /* PBXContainerItemProxy */ = {
			isa = PBXContainerItemProxy;
			containerPortal = 4774CF8221DC863B0089D3AB /* Project object */;
			proxyType = 1;
			remoteGlobalIDString = 4774CF8921DC863B0089D3AB;
			remoteInfo = SwiftTestOne;
		};
		4774CFAA21DC863D0089D3AB /* PBXContainerItemProxy */ = {
			isa = PBXContainerItemProxy;
			containerPortal = 4774CF8221DC863B0089D3AB /* Project object */;
			proxyType = 1;
			remoteGlobalIDString = 4774CF8921DC863B0089D3AB;
			remoteInfo = SwiftTestOne;
		};
/* End PBXContainerItemProxy section */

/* Begin PBXFileReference section */
		4774CF8A21DC863B0089D3AB /* SwiftTestOne.app */ = {isa = PBXFileReference; explicitFileType = wrapper.application; includeInIndex = 0; path = SwiftTestOne.app; sourceTree = BUILT_PRODUCTS_DIR; };
		4774CF8D21DC863B0089D3AB /* AppDelegate.swift */ = {isa = PBXFileReference; lastKnownFileType = sourcecode.swift; path = AppDelegate.swift; sourceTree = "<group>"; };
		4774CF8F21DC863B0089D3AB /* ViewController.swift */ = {isa = PBXFileReference; lastKnownFileType = sourcecode.swift; path = ViewController.swift; sourceTree = "<group>"; };
		4774CF9221DC863B0089D3AB /* Base */ = {isa = PBXFileReference; lastKnownFileType = file.storyboard; name = Base; path = Base.lproj/Main.storyboard; sourceTree = "<group>"; };
		4774CF9421DC863D0089D3AB /* Assets.xcassets */ = {isa = PBXFileReference; lastKnownFileType = folder.assetcatalog; path = Assets.xcassets; sourceTree = "<group>"; };
		4774CF9721DC863D0089D3AB /* Base */ = {isa = PBXFileReference; lastKnownFileType = file.storyboard; name = Base; path = Base.lproj/LaunchScreen.storyboard; sourceTree = "<group>"; };
		4774CF9921DC863D0089D3AB /* Info.plist */ = {isa = PBXFileReference; lastKnownFileType = text.plist.xml; path = Info.plist; sourceTree = "<group>"; };
		4774CF9E21DC863D0089D3AB /* SwiftTestOneTests.xctest */ = {isa = PBXFileReference; explicitFileType = wrapper.cfbundle; includeInIndex = 0; path = SwiftTestOneTests.xctest; sourceTree = BUILT_PRODUCTS_DIR; };
		4774CFA221DC863D0089D3AB /* SwiftTestOneTests.swift */ = {isa = PBXFileReference; lastKnownFileType = sourcecode.swift; path = SwiftTestOneTests.swift; sourceTree = "<group>"; };
		4774CFA421DC863D0089D3AB /* Info.plist */ = {isa = PBXFileReference; lastKnownFileType = text.plist.xml; path = Info.plist; sourceTree = "<group>"; };
		4774CFA921DC863D0089D3AB /* SwiftTestOneUITests.xctest */ = {isa = PBXFileReference; explicitFileType = wrapper.cfbundle; includeInIndex = 0; path = SwiftTestOneUITests.xctest; sourceTree = BUILT_PRODUCTS_DIR; };
		4774CFAD21DC863D0089D3AB /* SwiftTestOneUITests.swift */ = {isa = PBXFileReference; lastKnownFileType = sourcecode.swift; path = SwiftTestOneUITests.swift; sourceTree = "<group>"; };
		4774CFAF21DC863D0089D3AB /* Info.plist */ = {isa = PBXFileReference; lastKnownFileType = text.plist.xml; path = Info.plist; sourceTree = "<group>"; };
/* End PBXFileReference section */

/* Begin PBXFrameworksBuildPhase section */
		4774CF8721DC863B0089D3AB /* Frameworks */ = {
			isa = PBXFrameworksBuildPhase;
			buildActionMask = 2147483647;
			files = (
			);
			runOnlyForDeploymentPostprocessing = 0;
		};
		4774CF9B21DC863D0089D3AB /* Frameworks */ = {
			isa = PBXFrameworksBuildPhase;
			buildActionMask = 2147483647;
			files = (
			);
			runOnlyForDeploymentPostprocessing = 0;
		};
		4774CFA621DC863D0089D3AB /* Frameworks */ = {
			isa = PBXFrameworksBuildPhase;
			buildActionMask = 2147483647;
			files = (
			);
			runOnlyForDeploymentPostprocessing = 0;
		};
/* End PBXFrameworksBuildPhase section */

/* Begin PBXGroup section */
		4774CF8121DC863B0089D3AB = {
			isa = PBXGroup;
			children = (
				4774CF8C21DC863B0089D3AB /* SwiftTestOne */,
				4774CFA121DC863D0089D3AB /* SwiftTestOneTests */,
				4774CFAC21DC863D0089D3AB /* SwiftTestOneUITests */,
				4774CF8B21DC863B0089D3AB /* Products */,
			);
			sourceTree = "<group>";
		};
		4774CF8B21DC863B0089D3AB /* Products */ = {
			isa = PBXGroup;
			children = (
				4774CF8A21DC863B0089D3AB /* SwiftTestOne.app */,
				4774CF9E21DC863D0089D3AB /* SwiftTestOneTests.xctest */,
				4774CFA921DC863D0089D3AB /* SwiftTestOneUITests.xctest */,
			);
			name = Products;
			sourceTree = "<group>";
		};
		4774CF8C21DC863B0089D3AB /* SwiftTestOne */ = {
			isa = PBXGroup;
			children = (
				4774CF8D21DC863B0089D3AB /* AppDelegate.swift */,
				4774CF8F21DC863B0089D3AB /* ViewController.swift */,
				4774CF9121DC863B0089D3AB /* Main.storyboard */,
				4774CF9421DC863D0089D3AB /* Assets.xcassets */,
				4774CF9621DC863D0089D3AB /* LaunchScreen.storyboard */,
				4774CF9921DC863D0089D3AB /* Info.plist */,
			);
			path = SwiftTestOne;
			sourceTree = "<group>";
		};
		4774CFA121DC863D0089D3AB /* SwiftTestOneTests */ = {
			isa = PBXGroup;
			children = (
				4774CFA221DC863D0089D3AB /* SwiftTestOneTests.swift */,
				4774CFA421DC863D0089D3AB /* Info.plist */,
			);
			path = SwiftTestOneTests;
			sourceTree = "<group>";
		};
		4774CFAC21DC863D0089D3AB /* SwiftTestOneUITests */ = {
			isa = PBXGroup;
			children = (
				4774CFAD21DC863D0089D3AB /* SwiftTestOneUITests.swift */,
				4774CFAF21DC863D0089D3AB /* Info.plist */,
			);
			path = SwiftTestOneUITests;
			sourceTree = "<group>";
		};
/* End PBXGroup section */

/* Begin PBXNativeTarget section */
		4774CF8921DC863B0089D3AB /* SwiftTestOne */ = {
			isa = PBXNativeTarget;
			buildConfigurationList = 4774CFB221DC863D0089D3AB /* Build configuration list for PBXNativeTarget "SwiftTestOne" */;
			buildPhases = (
				4774CF8621DC863B0089D3AB /* Sources */,
				4774CF8721DC863B0089D3AB /* Frameworks */,
				4774CF8821DC863B0089D3AB /* Resources */,
			);
			buildRules = (
			);
			dependencies = (
			);
			name = SwiftTestOne;
			productName = SwiftTestOne;
			productReference = 4774CF8A21DC863B0089D3AB /* SwiftTestOne.app */;
			productType = "com.apple.product-type.application";
		};
		4774CF9D21DC863D0089D3AB /* SwiftTestOneTests */ = {
			isa = PBXNativeTarget;
			buildConfigurationList = 4774CFB521DC863D0089D3AB /* Build configuration list for PBXNativeTarget "SwiftTestOneTests" */;
			buildPhases = (
				4774CF9A21DC863D0089D3AB /* Sources */,
				4774CF9B21DC863D0089D3AB /* Frameworks */,
				4774CF9C21DC863D0089D3AB /* Resources */,
			);
			buildRules = (
			);
			dependencies = (
				4774CFA021DC863D0089D3AB /* PBXTargetDependency */,
			);
			name = SwiftTestOneTests;
			productName = SwiftTestOneTests;
			productReference = 4774CF9E21DC863D0089D3AB /* SwiftTestOneTests.xctest */;
			productType = "com.apple.product-type.bundle.unit-test";
		};
		4774CFA821DC863D0089D3AB /* SwiftTestOneUITests */ = {
			isa = PBXNativeTarget;
			buildConfigurationList = 4774CFB821DC863D0089D3AB /* Build configuration list for PBXNativeTarget "SwiftTestOneUITests" */;
			buildPhases = (
				4774CFA521DC863D0089D3AB /* Sources */,
				4774CFA621DC863D0089D3AB /* Frameworks */,
				4774CFA721DC863D0089D3AB /* Resources */,
			);
			buildRules = (
			);
			dependencies = (
				4774CFAB21DC863D0089D3AB /* PBXTargetDependency */,
			);
			name = SwiftTestOneUITests;
			productName = SwiftTestOneUITests;
			productReference = 4774CFA921DC863D0089D3AB /* SwiftTestOneUITests.xctest */;
			productType = "com.apple.product-type.bundle.ui-testing";
		};
/* End PBXNativeTarget section */

/* Begin PBXProject section */
		4774CF8221DC863B0089D3AB /* Project object */ = {
			isa = PBXProject;
			attributes = {
				LastSwiftUpdateCheck = 0930;
				LastUpgradeCheck = 0930;
				ORGANIZATIONNAME = XChuan;
				TargetAttributes = {
					4774CF8921DC863B0089D3AB = {
						CreatedOnToolsVersion = 9.3;
					};
					4774CF9D21DC863D0089D3AB = {
						CreatedOnToolsVersion = 9.3;
						TestTargetID = 4774CF8921DC863B0089D3AB;
					};
					4774CFA821DC863D0089D3AB = {
						CreatedOnToolsVersion = 9.3;
						TestTargetID = 4774CF8921DC863B0089D3AB;
					};
				};
			};
			buildConfigurationList = 4774CF8521DC863B0089D3AB /* Build configuration list for PBXProject "SwiftTestOne" */;
			compatibilityVersion = "Xcode 9.3";
			developmentRegion = en;
			hasScannedForEncodings = 0;
			knownRegions = (
				en,
				Base,
			);
			mainGroup = 4774CF8121DC863B0089D3AB;
			productRefGroup = 4774CF8B21DC863B0089D3AB /* Products */;
			projectDirPath = "";
			projectRoot = "";
			targets = (
				4774CF8921DC863B0089D3AB /* SwiftTestOne */,
				4774CF9D21DC863D0089D3AB /* SwiftTestOneTests */,
				4774CFA821DC863D0089D3AB /* SwiftTestOneUITests */,
			);
		};
/* End PBXProject section */

/* Begin PBXResourcesBuildPhase section */
		4774CF8821DC863B0089D3AB /* Resources */ = {
			isa = PBXResourcesBuildPhase;
			buildActionMask = 2147483647;
			files = (
				4774CF9821DC863D0089D3AB /* LaunchScreen.storyboard in Resources */,
				4774CF9521DC863D0089D3AB /* Assets.xcassets in Resources */,
				4774CF9321DC863B0089D3AB /* Main.storyboard in Resources */,
			);
			runOnlyForDeploymentPostprocessing = 0;
		};
		4774CF9C21DC863D0089D3AB /* Resources */ = {
			isa = PBXResourcesBuildPhase;
			buildActionMask = 2147483647;
			files = (
			);
			runOnlyForDeploymentPostprocessing = 0;
		};
		4774CFA721DC863D0089D3AB /* Resources */ = {
			isa = PBXResourcesBuildPhase;
			buildActionMask = 2147483647;
			files = (
			);
			runOnlyForDeploymentPostprocessing = 0;
		};
/* End PBXResourcesBuildPhase section */

/* Begin PBXSourcesBuildPhase section */
		4774CF8621DC863B0089D3AB /* Sources */ = {
			isa = PBXSourcesBuildPhase;
			buildActionMask = 2147483647;
			files = (
				4774CF9021DC863B0089D3AB /* ViewController.swift in Sources */,
				4774CF8E21DC863B0089D3AB /* AppDelegate.swift in Sources */,
			);
			runOnlyForDeploymentPostprocessing = 0;
		};
		4774CF9A21DC863D0089D3AB /* Sources */ = {
			isa = PBXSourcesBuildPhase;
			buildActionMask = 2147483647;
			files = (
				4774CFA321DC863D0089D3AB /* SwiftTestOneTests.swift in Sources */,
			);
			runOnlyForDeploymentPostprocessing = 0;
		};
		4774CFA521DC863D0089D3AB /* Sources */ = {
			isa = PBXSourcesBuildPhase;
			buildActionMask = 2147483647;
			files = (
				4774CFAE21DC863D0089D3AB /* SwiftTestOneUITests.swift in Sources */,
			);
			runOnlyForDeploymentPostprocessing = 0;
		};
/* End PBXSourcesBuildPhase section */

/* Begin PBXTargetDependency section */
		4774CFA021DC863D0089D3AB /* PBXTargetDependency */ = {
			isa = PBXTargetDependency;
			target = 4774CF8921DC863B0089D3AB /* SwiftTestOne */;
			targetProxy = 4774CF9F21DC863D0089D3AB /* PBXContainerItemProxy */;
		};
		4774CFAB21DC863D0089D3AB /* PBXTargetDependency */ = {
			isa = PBXTargetDependency;
			target = 4774CF8921DC863B0089D3AB /* SwiftTestOne */;
			targetProxy = 4774CFAA21DC863D0089D3AB /* PBXContainerItemProxy */;
		};
/* End PBXTargetDependency section */

/* Begin PBXVariantGroup section */
		4774CF9121DC863B0089D3AB /* Main.storyboard */ = {
			isa = PBXVariantGroup;
			children = (
				4774CF9221DC863B0089D3AB /* Base */,
			);
			name = Main.storyboard;
			sourceTree = "<group>";
		};
		4774CF9621DC863D0089D3AB /* LaunchScreen.storyboard */ = {
			isa = PBXVariantGroup;
			children = (
				4774CF9721DC863D0089D3AB /* Base */,
			);
			name = LaunchScreen.storyboard;
			sourceTree = "<group>";
		};
/* End PBXVariantGroup section */

/* Begin XCBuildConfiguration section */
		4774CFB021DC863D0089D3AB /* Debug */ = {
			isa = XCBuildConfiguration;
			buildSettings = {
				ALWAYS_SEARCH_USER_PATHS = NO;
				CLANG_ANALYZER_NONNULL = YES;
				CLANG_ANALYZER_NUMBER_OBJECT_CONVERSION = YES_AGGRESSIVE;
				CLANG_CXX_LANGUAGE_STANDARD = "gnu++14";
				CLANG_CXX_LIBRARY = "libc++";
				CLANG_ENABLE_MODULES = YES;
				CLANG_ENABLE_OBJC_ARC = YES;
				CLANG_ENABLE_OBJC_WEAK = YES;
				CLANG_WARN_BLOCK_CAPTURE_AUTORELEASING = YES;
				CLANG_WARN_BOOL_CONVERSION = YES;
				CLANG_WARN_COMMA = YES;
				CLANG_WARN_CONSTANT_CONVERSION = YES;
				CLANG_WARN_DEPRECATED_OBJC_IMPLEMENTATIONS = YES;
				CLANG_WARN_DIRECT_OBJC_ISA_USAGE = YES_ERROR;
				CLANG_WARN_DOCUMENTATION_COMMENTS = YES;
				CLANG_WARN_EMPTY_BODY = YES;
				CLANG_WARN_ENUM_CONVERSION = YES;
				CLANG_WARN_INFINITE_RECURSION = YES;
				CLANG_WARN_INT_CONVERSION = YES;
				CLANG_WARN_NON_LITERAL_NULL_CONVERSION = YES;
				CLANG_WARN_OBJC_IMPLICIT_RETAIN_SELF = YES;
				CLANG_WARN_OBJC_LITERAL_CONVERSION = YES;
				CLANG_WARN_OBJC_ROOT_CLASS = YES_ERROR;
				CLANG_WARN_RANGE_LOOP_ANALYSIS = YES;
				CLANG_WARN_STRICT_PROTOTYPES = YES;
				CLANG_WARN_SUSPICIOUS_MOVE = YES;
				CLANG_WARN_UNGUARDED_AVAILABILITY = YES_AGGRESSIVE;
				CLANG_WARN_UNREACHABLE_CODE = YES;
				CLANG_WARN__DUPLICATE_METHOD_MATCH = YES;
				CODE_SIGN_IDENTITY = "iPhone Developer";
				COPY_PHASE_STRIP = NO;
				DEBUG_INFORMATION_FORMAT = dwarf;
				ENABLE_STRICT_OBJC_MSGSEND = YES;
				ENABLE_TESTABILITY = YES;
				GCC_C_LANGUAGE_STANDARD = gnu11;
				GCC_DYNAMIC_NO_PIC = NO;
				GCC_NO_COMMON_BLOCKS = YES;
				GCC_OPTIMIZATION_LEVEL = 0;
				GCC_PREPROCESSOR_DEFINITIONS = (
					"DEBUG=1",
					"$(inherited)",
				);
				GCC_WARN_64_TO_32_BIT_CONVERSION = YES;
				GCC_WARN_ABOUT_RETURN_TYPE = YES_ERROR;
				GCC_WARN_UNDECLARED_SELECTOR = YES;
				GCC_WARN_UNINITIALIZED_AUTOS = YES_AGGRESSIVE;
				GCC_WARN_UNUSED_FUNCTION = YES;
				GCC_WARN_UNUSED_VARIABLE = YES;
				IPHONEOS_DEPLOYMENT_TARGET = 11.3;
				MTL_ENABLE_DEBUG_INFO = YES;
				ONLY_ACTIVE_ARCH = YES;
				SDKROOT = iphoneos;
				SWIFT_ACTIVE_COMPILATION_CONDITIONS = DEBUG;
				SWIFT_OPTIMIZATION_LEVEL = "-Onone";
			};
			name = Debug;
		};
		4774CFB121DC863D0089D3AB /* Release */ = {
			isa = XCBuildConfiguration;
			buildSettings = {
				ALWAYS_SEARCH_USER_PATHS = NO;
				CLANG_ANALYZER_NONNULL = YES;
				CLANG_ANALYZER_NUMBER_OBJECT_CONVERSION = YES_AGGRESSIVE;
				CLANG_CXX_LANGUAGE_STANDARD = "gnu++14";
				CLANG_CXX_LIBRARY = "libc++";
				CLANG_ENABLE_MODULES = YES;
				CLANG_ENABLE_OBJC_ARC = YES;
				CLANG_ENABLE_OBJC_WEAK = YES;
				CLANG_WARN_BLOCK_CAPTURE_AUTORELEASING = YES;
				CLANG_WARN_BOOL_CONVERSION = YES;
				CLANG_WARN_COMMA = YES;
				CLANG_WARN_CONSTANT_CONVERSION = YES;
				CLANG_WARN_DEPRECATED_OBJC_IMPLEMENTATIONS = YES;
				CLANG_WARN_DIRECT_OBJC_ISA_USAGE = YES_ERROR;
				CLANG_WARN_DOCUMENTATION_COMMENTS = YES;
				CLANG_WARN_EMPTY_BODY = YES;
				CLANG_WARN_ENUM_CONVERSION = YES;
				CLANG_WARN_INFINITE_RECURSION = YES;
				CLANG_WARN_INT_CONVERSION = YES;
				CLANG_WARN_NON_LITERAL_NULL_CONVERSION = YES;
				CLANG_WARN_OBJC_IMPLICIT_RETAIN_SELF = YES;
				CLANG_WARN_OBJC_LITERAL_CONVERSION = YES;
				CLANG_WARN_OBJC_ROOT_CLASS = YES_ERROR;
				CLANG_WARN_RANGE_LOOP_ANALYSIS = YES;
				CLANG_WARN_STRICT_PROTOTYPES = YES;
				CLANG_WARN_SUSPICIOUS_MOVE = YES;
				CLANG_WARN_UNGUARDED_AVAILABILITY = YES_AGGRESSIVE;
				CLANG_WARN_UNREACHABLE_CODE = YES;
				CLANG_WARN__DUPLICATE_METHOD_MATCH = YES;
				CODE_SIGN_IDENTITY = "iPhone Developer";
				COPY_PHASE_STRIP = NO;
				DEBUG_INFORMATION_FORMAT = "dwarf-with-dsym";
				ENABLE_NS_ASSERTIONS = NO;
				ENABLE_STRICT_OBJC_MSGSEND = YES;
				GCC_C_LANGUAGE_STANDARD = gnu11;
				GCC_NO_COMMON_BLOCKS = YES;
				GCC_WARN_64_TO_32_BIT_CONVERSION = YES;
				GCC_WARN_ABOUT_RETURN_TYPE = YES_ERROR;
				GCC_WARN_UNDECLARED_SELECTOR = YES;
				GCC_WARN_UNINITIALIZED_AUTOS = YES_AGGRESSIVE;
				GCC_WARN_UNUSED_FUNCTION = YES;
				GCC_WARN_UNUSED_VARIABLE = YES;
				IPHONEOS_DEPLOYMENT_TARGET = 11.3;
				MTL_ENABLE_DEBUG_INFO = NO;
				SDKROOT = iphoneos;
				SWIFT_COMPILATION_MODE = wholemodule;
				SWIFT_OPTIMIZATION_LEVEL = "-O";
				VALIDATE_PRODUCT = YES;
			};
			name = Release;
		};
		4774CFB321DC863D0089D3AB /* Debug */ = {
			isa = XCBuildConfiguration;
			buildSettings = {
				ASSETCATALOG_COMPILER_APPICON_NAME = AppIcon;
				CODE_SIGN_STYLE = Automatic;
				INFOPLIST_FILE = SwiftTestOne/Info.plist;
				LD_RUNPATH_SEARCH_PATHS = (
					"$(inherited)",
					"@executable_path/Frameworks",
				);
				PRODUCT_BUNDLE_IDENTIFIER = XC.SwiftTestOne;
				PRODUCT_NAME = "$(TARGET_NAME)";
				SWIFT_VERSION = 4.0;
				TARGETED_DEVICE_FAMILY = "1,2";
			};
			name = Debug;
		};
		4774CFB421DC863D0089D3AB /* Release */ = {
			isa = XCBuildConfiguration;
			buildSettings = {
				ASSETCATALOG_COMPILER_APPICON_NAME = AppIcon;
				CODE_SIGN_STYLE = Automatic;
				INFOPLIST_FILE = SwiftTestOne/Info.plist;
				LD_RUNPATH_SEARCH_PATHS = (
					"$(inherited)",
					"@executable_path/Frameworks",
				);
				PRODUCT_BUNDLE_IDENTIFIER = XC.SwiftTestOne;
				PRODUCT_NAME = "$(TARGET_NAME)";
				SWIFT_VERSION = 4.0;
				TARGETED_DEVICE_FAMILY = "1,2";
			};
			name = Release;
		};
		4774CFB621DC863D0089D3AB /* Debug */ = {
			isa = XCBuildConfiguration;
			buildSettings = {
				ALWAYS_EMBED_SWIFT_STANDARD_LIBRARIES = YES;
				BUNDLE_LOADER = "$(TEST_HOST)";
				CODE_SIGN_STYLE = Automatic;
				INFOPLIST_FILE = SwiftTestOneTests/Info.plist;
				LD_RUNPATH_SEARCH_PATHS = (
					"$(inherited)",
					"@executable_path/Frameworks",
					"@loader_path/Frameworks",
				);
				PRODUCT_BUNDLE_IDENTIFIER = XC.SwiftTestOneTests;
				PRODUCT_NAME = "$(TARGET_NAME)";
				SWIFT_VERSION = 4.0;
				TARGETED_DEVICE_FAMILY = "1,2";
				TEST_HOST = "$(BUILT_PRODUCTS_DIR)/SwiftTestOne.app/SwiftTestOne";
			};
			name = Debug;
		};
		4774CFB721DC863D0089D3AB /* Release */ = {
			isa = XCBuildConfiguration;
			buildSettings = {
				ALWAYS_EMBED_SWIFT_STANDARD_LIBRARIES = YES;
				BUNDLE_LOADER = "$(TEST_HOST)";
				CODE_SIGN_STYLE = Automatic;
				INFOPLIST_FILE = SwiftTestOneTests/Info.plist;
				LD_RUNPATH_SEARCH_PATHS = (
					"$(inherited)",
					"@executable_path/Frameworks",
					"@loader_path/Frameworks",
				);
				PRODUCT_BUNDLE_IDENTIFIER = XC.SwiftTestOneTests;
				PRODUCT_NAME = "$(TARGET_NAME)";
				SWIFT_VERSION = 4.0;
				TARGETED_DEVICE_FAMILY = "1,2";
				TEST_HOST = "$(BUILT_PRODUCTS_DIR)/SwiftTestOne.app/SwiftTestOne";
			};
			name = Release;
		};
		4774CFB921DC863D0089D3AB /* Debug */ = {
			isa = XCBuildConfiguration;
			buildSettings = {
				ALWAYS_EMBED_SWIFT_STANDARD_LIBRARIES = YES;
				CODE_SIGN_STYLE = Automatic;
				INFOPLIST_FILE = SwiftTestOneUITests/Info.plist;
				LD_RUNPATH_SEARCH_PATHS = (
					"$(inherited)",
					"@executable_path/Frameworks",
					"@loader_path/Frameworks",
				);
				PRODUCT_BUNDLE_IDENTIFIER = XC.SwiftTestOneUITests;
				PRODUCT_NAME = "$(TARGET_NAME)";
				SWIFT_VERSION = 4.0;
				TARGETED_DEVICE_FAMILY = "1,2";
				TEST_TARGET_NAME = SwiftTestOne;
			};
			name = Debug;
		};
		4774CFBA21DC863D0089D3AB /* Release */ = {
			isa = XCBuildConfiguration;
			buildSettings = {
				ALWAYS_EMBED_SWIFT_STANDARD_LIBRARIES = YES;
				CODE_SIGN_STYLE = Automatic;
				INFOPLIST_FILE = SwiftTestOneUITests/Info.plist;
				LD_RUNPATH_SEARCH_PATHS = (
					"$(inherited)",
					"@executable_path/Frameworks",
					"@loader_path/Frameworks",
				);
				PRODUCT_BUNDLE_IDENTIFIER = XC.SwiftTestOneUITests;
				PRODUCT_NAME = "$(TARGET_NAME)";
				SWIFT_VERSION = 4.0;
				TARGETED_DEVICE_FAMILY = "1,2";
				TEST_TARGET_NAME = SwiftTestOne;
			};
			name = Release;
		};
/* End XCBuildConfiguration section */

/* Begin XCConfigurationList section */
		4774CF8521DC863B0089D3AB /* Build configuration list for PBXProject "SwiftTestOne" */ = {
			isa = XCConfigurationList;
			buildConfigurations = (
				4774CFB021DC863D0089D3AB /* Debug */,
				4774CFB121DC863D0089D3AB /* Release */,
			);
			defaultConfigurationIsVisible = 0;
			defaultConfigurationName = Release;
		};
		4774CFB221DC863D0089D3AB /* Build configuration list for PBXNativeTarget "SwiftTestOne" */ = {
			isa = XCConfigurationList;
			buildConfigurations = (
				4774CFB321DC863D0089D3AB /* Debug */,
				4774CFB421DC863D0089D3AB /* Release */,
			);
			defaultConfigurationIsVisible = 0;
			defaultConfigurationName = Release;
		};
		4774CFB521DC863D0089D3AB /* Build configuration list for PBXNativeTarget "SwiftTestOneTests" */ = {
			isa = XCConfigurationList;
			buildConfigurations = (
				4774CFB621DC863D0089D3AB /* Debug */,
				4774CFB721DC863D0089D3AB /* Release */,
			);
			defaultConfigurationIsVisible = 0;
			defaultConfigurationName = Release;
		};
		4774CFB821DC863D0089D3AB /* Build configuration list for PBXNativeTarget "SwiftTestOneUITests" */ = {
			isa = XCConfigurationList;
			buildConfigurations = (
				4774CFB921DC863D0089D3AB /* Debug */,
				4774CFBA21DC863D0089D3AB /* Release */,
			);
			defaultConfigurationIsVisible = 0;
			defaultConfigurationName = Release;
		};
/* End XCConfigurationList section */
	};
	rootObject = 4774CF8221DC863B0089D3AB /* Project object */;
}
